
Microsoft Visual Studio Solution File, Format Version 12.00
# Visual Studio Version 17
VisualStudioVersion = 17.5.33516.290
MinimumVisualStudioVersion = 10.0.40219.1
Project("{FAE04EC0-301F-11D3-BF4B-00C04F79EFBC}") = "CompanyCRUD", "CompanyCRUD.csproj", "{9F3D6B09-8950-4023-9264-AC58E57A8723}"
EndProject
Global
	GlobalSection(SolutionConfigurationPlatforms) = preSolution
		Debug|Any CPU = Debug|Any CPU
		Release|Any CPU = Release|Any CPU
	EndGlobalSection
	GlobalSection(ProjectConfigurationPlatforms) = postSolution
		{9F3D6B09-8950-4023-9264-AC58E57A8723}.Debug|Any CPU.ActiveCfg = Debug|Any CPU
		{9F3D6B09-8950-4023-9264-AC58E57A8723}.Debug|Any CPU.Build.0 = Debug|Any CPU
		{9F3D6B09-8950-4023-9264-AC58E57A8723}.Release|Any CPU.ActiveCfg = Release|Any CPU
		{9F3D6B09-8950-4023-9264-AC58E57A8723}.Release|Any CPU.Build.0 = Release|Any CPU
	EndGlobalSection
	GlobalSection(SolutionProperties) = preSolution
		HideSolutionNode = FALSE
	EndGlobalSection
	GlobalSection(ExtensibilityGlobals) = postSolution
		SolutionGuid = {AE955952-2A00-4A46-82F6-58D0D06E43D8}
	EndGlobalSection
EndGlobal
